
Microsoft Visual Studio Solution File, Format Version 12.00
# Visual Studio Version 16
VisualStudioVersion = 16.0.30611.23
MinimumVisualStudioVersion = 10.0.40219.1
Project("{FAE04EC0-301F-11D3-BF4B-00C04F79EFBC}") = "latihan_3", "latihan_3\latihan_3.csproj", "{913416DF-A775-47B8-B150-40BC21427181}"
EndProject
Global
	GlobalSection(SolutionConfigurationPlatforms) = preSolution
		Debug|Any CPU = Debug|Any CPU
		Release|Any CPU = Release|Any CPU
	EndGlobalSection
	GlobalSection(ProjectConfigurationPlatforms) = postSolution
		{913416DF-A775-47B8-B150-40BC21427181}.Debug|Any CPU.ActiveCfg = Debug|Any CPU
		{913416DF-A775-47B8-B150-40BC21427181}.Debug|Any CPU.Build.0 = Debug|Any CPU
		{913416DF-A775-47B8-B150-40BC21427181}.Release|Any CPU.ActiveCfg = Release|Any CPU
		{913416DF-A775-47B8-B150-40BC21427181}.Release|Any CPU.Build.0 = Release|Any CPU
	EndGlobalSection
	GlobalSection(SolutionProperties) = preSolution
		HideSolutionNode = FALSE
	EndGlobalSection
	GlobalSection(ExtensibilityGlobals) = postSolution
		SolutionGuid = {2AF296F2-F16E-4C9A-A605-DA4365587921}
	EndGlobalSection
EndGlobal
